
Microsoft Visual Studio Solution File, Format Version 12.00
# Visual Studio 15
VisualStudioVersion = 15.0.27428.2005
MinimumVisualStudioVersion = 10.0.40219.1
Project("{FAE04EC0-301F-11D3-BF4B-00C04F79EFBC}") = "Angular5Try", "Angular5Try\Angular5Try.csproj", "{5374BFD8-886B-4B4F-AFCF-4A4ADB473435}"
EndProject
Global
	GlobalSection(SolutionConfigurationPlatforms) = preSolution
		Debug|Any CPU = Debug|Any CPU
		Release|Any CPU = Release|Any CPU
	EndGlobalSection
	GlobalSection(ProjectConfigurationPlatforms) = postSolution
		{5374BFD8-886B-4B4F-AFCF-4A4ADB473435}.Debug|Any CPU.ActiveCfg = Debug|Any CPU
		{5374BFD8-886B-4B4F-AFCF-4A4ADB473435}.Debug|Any CPU.Build.0 = Debug|Any CPU
		{5374BFD8-886B-4B4F-AFCF-4A4ADB473435}.Release|Any CPU.ActiveCfg = Release|Any CPU
		{5374BFD8-886B-4B4F-AFCF-4A4ADB473435}.Release|Any CPU.Build.0 = Release|Any CPU
	EndGlobalSection
	GlobalSection(SolutionProperties) = preSolution
		HideSolutionNode = FALSE
	EndGlobalSection
	GlobalSection(ExtensibilityGlobals) = postSolution
		SolutionGuid = {DD5CFB12-0A51-44FD-BA8A-9DDBE30341D3}
	EndGlobalSection
EndGlobal
